
Microsoft Visual Studio Solution File, Format Version 12.00
# Visual Studio Version 16
VisualStudioVersion = 16.0.31025.194
MinimumVisualStudioVersion = 10.0.40219.1
Project("{FAE04EC0-301F-11D3-BF4B-00C04F79EFBC}") = "1st Project", "1st Project\1st Project.csproj", "{F8264C67-BB14-487A-887B-2F103EAE18FE}"
EndProject
Global
	GlobalSection(SolutionConfigurationPlatforms) = preSolution
		Debug|Any CPU = Debug|Any CPU
		Release|Any CPU = Release|Any CPU
	EndGlobalSection
	GlobalSection(ProjectConfigurationPlatforms) = postSolution
		{F8264C67-BB14-487A-887B-2F103EAE18FE}.Debug|Any CPU.ActiveCfg = Debug|Any CPU
		{F8264C67-BB14-487A-887B-2F103EAE18FE}.Debug|Any CPU.Build.0 = Debug|Any CPU
		{F8264C67-BB14-487A-887B-2F103EAE18FE}.Release|Any CPU.ActiveCfg = Release|Any CPU
		{F8264C67-BB14-487A-887B-2F103EAE18FE}.Release|Any CPU.Build.0 = Release|Any CPU
	EndGlobalSection
	GlobalSection(SolutionProperties) = preSolution
		HideSolutionNode = FALSE
	EndGlobalSection
	GlobalSection(ExtensibilityGlobals) = postSolution
		SolutionGuid = {3F40BF52-3144-4CA8-AFF4-31E342115CF5}
	EndGlobalSection
EndGlobal
